
Microsoft Visual Studio Solution File, Format Version 12.00
# Visual Studio Version 17
VisualStudioVersion = 17.9.34622.214
MinimumVisualStudioVersion = 10.0.40219.1
Project("{F184B08F-C81C-45F6-A57F-5ABD9991F28F}") = "RGB ARGB HEX", "RGB ARGB HEX\RGB ARGB HEX.vbproj", "{4F471A54-E5A0-4F52-85AD-F967CBF0360C}"
EndProject
Global
	GlobalSection(SolutionConfigurationPlatforms) = preSolution
		Debug|Any CPU = Debug|Any CPU
		Release|Any CPU = Release|Any CPU
	EndGlobalSection
	GlobalSection(ProjectConfigurationPlatforms) = postSolution
		{4F471A54-E5A0-4F52-85AD-F967CBF0360C}.Debug|Any CPU.ActiveCfg = Debug|Any CPU
		{4F471A54-E5A0-4F52-85AD-F967CBF0360C}.Debug|Any CPU.Build.0 = Debug|Any CPU
		{4F471A54-E5A0-4F52-85AD-F967CBF0360C}.Release|Any CPU.ActiveCfg = Release|Any CPU
		{4F471A54-E5A0-4F52-85AD-F967CBF0360C}.Release|Any CPU.Build.0 = Release|Any CPU
	EndGlobalSection
	GlobalSection(SolutionProperties) = preSolution
		HideSolutionNode = FALSE
	EndGlobalSection
	GlobalSection(ExtensibilityGlobals) = postSolution
		SolutionGuid = {BAA5251E-5231-4F9E-AB84-D13DE40A5FD6}
	EndGlobalSection
EndGlobal
